
Microsoft Visual Studio Solution File, Format Version 11.00
# Visual Studio 2010 Express for Windows Phone
Project("{FAE04EC0-301F-11D3-BF4B-00C04F79EFBC}") = "BF", "BF\BF.csproj", "{49229BA5-279E-4F89-97C9-AB37A68E7FED}"
EndProject
Global
	GlobalSection(SolutionConfigurationPlatforms) = preSolution
		Debug|Any CPU = Debug|Any CPU
		Release|Any CPU = Release|Any CPU
	EndGlobalSection
	GlobalSection(ProjectConfigurationPlatforms) = postSolution
		{49229BA5-279E-4F89-97C9-AB37A68E7FED}.Debug|Any CPU.ActiveCfg = Debug|Any CPU
		{49229BA5-279E-4F89-97C9-AB37A68E7FED}.Debug|Any CPU.Build.0 = Debug|Any CPU
		{49229BA5-279E-4F89-97C9-AB37A68E7FED}.Debug|Any CPU.Deploy.0 = Debug|Any CPU
		{49229BA5-279E-4F89-97C9-AB37A68E7FED}.Release|Any CPU.ActiveCfg = Release|Any CPU
		{49229BA5-279E-4F89-97C9-AB37A68E7FED}.Release|Any CPU.Build.0 = Release|Any CPU
		{49229BA5-279E-4F89-97C9-AB37A68E7FED}.Release|Any CPU.Deploy.0 = Release|Any CPU
	EndGlobalSection
	GlobalSection(SolutionProperties) = preSolution
		HideSolutionNode = FALSE
	EndGlobalSection
EndGlobal
